# This file is automatically @generated by Cargo.
# It is not intended for manual editing.
version = 4

[[package]]
name = "all_crate_deps"
version = "0.0.0"
dependencies = [
 "anyhow",
]

[[package]]
name = "anyhow"
version = "1.0.98"
source = "git+https://github.com/dtolnay/anyhow.git?rev=709fe86f04878a62a29b9279f5bb96422f8bca28#709fe86f04878a62a29b9279f5bb96422f8bca28"
